
Microsoft Visual Studio Solution File, Format Version 12.00
# Visual Studio 2013
VisualStudioVersion = 12.0.21005.1
MinimumVisualStudioVersion = 10.0.40219.1
Project("{FAE04EC0-301F-11D3-BF4B-00C04F79EFBC}") = "Algorithm", "Algorithm.csproj", "{6BCD7826-12DC-451A-BB05-BADF3A518487}"
EndProject
Project("{FAE04EC0-301F-11D3-BF4B-00C04F79EFBC}") = "Console_Test", "..\Console_Test\Console_Test.csproj", "{9F6D5045-771C-4B90-8F25-7C813E93F2F8}"
EndProject
Global
	GlobalSection(SolutionConfigurationPlatforms) = preSolution
		Debug|Any CPU = Debug|Any CPU
		Release|Any CPU = Release|Any CPU
	EndGlobalSection
	GlobalSection(ProjectConfigurationPlatforms) = postSolution
		{6BCD7826-12DC-451A-BB05-BADF3A518487}.Debug|Any CPU.ActiveCfg = Debug|Any CPU
		{6BCD7826-12DC-451A-BB05-BADF3A518487}.Debug|Any CPU.Build.0 = Debug|Any CPU
		{6BCD7826-12DC-451A-BB05-BADF3A518487}.Release|Any CPU.ActiveCfg = Release|Any CPU
		{6BCD7826-12DC-451A-BB05-BADF3A518487}.Release|Any CPU.Build.0 = Release|Any CPU
		{9F6D5045-771C-4B90-8F25-7C813E93F2F8}.Debug|Any CPU.ActiveCfg = Debug|Any CPU
		{9F6D5045-771C-4B90-8F25-7C813E93F2F8}.Debug|Any CPU.Build.0 = Debug|Any CPU
		{9F6D5045-771C-4B90-8F25-7C813E93F2F8}.Release|Any CPU.ActiveCfg = Release|Any CPU
		{9F6D5045-771C-4B90-8F25-7C813E93F2F8}.Release|Any CPU.Build.0 = Release|Any CPU
	EndGlobalSection
	GlobalSection(SolutionProperties) = preSolution
		HideSolutionNode = FALSE
	EndGlobalSection
EndGlobal
